
Microsoft Visual Studio Solution File, Format Version 12.00
# Visual Studio Version 16
VisualStudioVersion = 16.0.33214.272
MinimumVisualStudioVersion = 10.0.40219.1
Project("{FAE04EC0-301F-11D3-BF4B-00C04F79EFBC}") = "Film Collection", "Film Collection\Film Collection.csproj", "{1D099C9A-3A46-4E19-813E-0FAE0E6BD5D1}"
EndProject
Global
	GlobalSection(SolutionConfigurationPlatforms) = preSolution
		Debug|Any CPU = Debug|Any CPU
		Release|Any CPU = Release|Any CPU
	EndGlobalSection
	GlobalSection(ProjectConfigurationPlatforms) = postSolution
		{1D099C9A-3A46-4E19-813E-0FAE0E6BD5D1}.Debug|Any CPU.ActiveCfg = Debug|Any CPU
		{1D099C9A-3A46-4E19-813E-0FAE0E6BD5D1}.Debug|Any CPU.Build.0 = Debug|Any CPU
		{1D099C9A-3A46-4E19-813E-0FAE0E6BD5D1}.Release|Any CPU.ActiveCfg = Release|Any CPU
		{1D099C9A-3A46-4E19-813E-0FAE0E6BD5D1}.Release|Any CPU.Build.0 = Release|Any CPU
	EndGlobalSection
	GlobalSection(SolutionProperties) = preSolution
		HideSolutionNode = FALSE
	EndGlobalSection
	GlobalSection(ExtensibilityGlobals) = postSolution
		SolutionGuid = {598295EE-F130-45DC-A18A-3F797212925C}
	EndGlobalSection
EndGlobal
